// !$*UTF8*$!
{
	archiveVersion = 1;
	classes = {
	};
	objectVersion = 50;
	objects = {

/* Begin PBXBuildFile section */
		D2D92A8D22F2B96600A9665E /* AppDelegate.swift in Sources */ = {isa = PBXBuildFile; fileRef = D2D92A8C22F2B96600A9665E /* AppDelegate.swift */; };
		D2D92A8F22F2B96600A9665E /* ViewController.swift in Sources */ = {isa = PBXBuildFile; fileRef = D2D92A8E22F2B96600A9665E /* ViewController.swift */; };
		D2D92A9222F2B96600A9665E /* Main.storyboard in Resources */ = {isa = PBXBuildFile; fileRef = D2D92A9022F2B96600A9665E /* Main.storyboard */; };
		D2D92A9422F2B96700A9665E /* Assets.xcassets in Resources */ = {isa = PBXBuildFile; fileRef = D2D92A9322F2B96700A9665E /* Assets.xcassets */; };
		D2D92A9722F2B96700A9665E /* LaunchScreen.storyboard in Resources */ = {isa = PBXBuildFile; fileRef = D2D92A9522F2B96700A9665E /* LaunchScreen.storyboard */; };
		D2D92AA822F2B9E000A9665E /* Rarachan08.wav in Resources */ = {isa = PBXBuildFile; fileRef = D2D92A9F22F2B9DF00A9665E /* Rarachan08.wav */; };
		D2D92AA922F2B9E000A9665E /* Rarachan06.wav in Resources */ = {isa = PBXBuildFile; fileRef = D2D92AA022F2B9DF00A9665E /* Rarachan06.wav */; };
		D2D92AAA22F2B9E000A9665E /* Rarachan01.wav in Resources */ = {isa = PBXBuildFile; fileRef = D2D92AA122F2B9DF00A9665E /* Rarachan01.wav */; };
		D2D92AAB22F2B9E000A9665E /* Rarachan03.wav in Resources */ = {isa = PBXBuildFile; fileRef = D2D92AA222F2B9E000A9665E /* Rarachan03.wav */; };
		D2D92AAC22F2B9E000A9665E /* Rarachan04.wav in Resources */ = {isa = PBXBuildFile; fileRef = D2D92AA322F2B9E000A9665E /* Rarachan04.wav */; };
		D2D92AAD22F2B9E000A9665E /* Rarachan02.wav in Resources */ = {isa = PBXBuildFile; fileRef = D2D92AA422F2B9E000A9665E /* Rarachan02.wav */; };
		D2D92AAE22F2B9E000A9665E /* Rarachan05.wav in Resources */ = {isa = PBXBuildFile; fileRef = D2D92AA522F2B9E000A9665E /* Rarachan05.wav */; };
		D2D92AAF22F2B9E000A9665E /* Rarachan07.wav in Resources */ = {isa = PBXBuildFile; fileRef = D2D92AA622F2B9E000A9665E /* Rarachan07.wav */; };
		D2D92AB022F2B9E000A9665E /* Rarachan09.wav in Resources */ = {isa = PBXBuildFile; fileRef = D2D92AA722F2B9E000A9665E /* Rarachan09.wav */; };
/* End PBXBuildFile section */

/* Begin PBXFileReference section */
		D2D92A8922F2B96600A9665E /* Lala-chan.app */ = {isa = PBXFileReference; explicitFileType = wrapper.application; includeInIndex = 0; path = "Lala-chan.app"; sourceTree = BUILT_PRODUCTS_DIR; };
		D2D92A8C22F2B96600A9665E /* AppDelegate.swift */ = {isa = PBXFileReference; lastKnownFileType = sourcecode.swift; path = AppDelegate.swift; sourceTree = "<group>"; };
		D2D92A8E22F2B96600A9665E /* ViewController.swift */ = {isa = PBXFileReference; lastKnownFileType = sourcecode.swift; path = ViewController.swift; sourceTree = "<group>"; };
		D2D92A9122F2B96600A9665E /* Base */ = {isa = PBXFileReference; lastKnownFileType = file.storyboard; name = Base; path = Base.lproj/Main.storyboard; sourceTree = "<group>"; };
		D2D92A9322F2B96700A9665E /* Assets.xcassets */ = {isa = PBXFileReference; lastKnownFileType = folder.assetcatalog; path = Assets.xcassets; sourceTree = "<group>"; };
		D2D92A9622F2B96700A9665E /* Base */ = {isa = PBXFileReference; lastKnownFileType = file.storyboard; name = Base; path = Base.lproj/LaunchScreen.storyboard; sourceTree = "<group>"; };
		D2D92A9822F2B96700A9665E /* Info.plist */ = {isa = PBXFileReference; lastKnownFileType = text.plist.xml; path = Info.plist; sourceTree = "<group>"; };
		D2D92A9F22F2B9DF00A9665E /* Rarachan08.wav */ = {isa = PBXFileReference; lastKnownFileType = audio.wav; path = Rarachan08.wav; sourceTree = "<group>"; };
		D2D92AA022F2B9DF00A9665E /* Rarachan06.wav */ = {isa = PBXFileReference; lastKnownFileType = audio.wav; path = Rarachan06.wav; sourceTree = "<group>"; };
		D2D92AA122F2B9DF00A9665E /* Rarachan01.wav */ = {isa = PBXFileReference; lastKnownFileType = audio.wav; path = Rarachan01.wav; sourceTree = "<group>"; };
		D2D92AA222F2B9E000A9665E /* Rarachan03.wav */ = {isa = PBXFileReference; lastKnownFileType = audio.wav; path = Rarachan03.wav; sourceTree = "<group>"; };
		D2D92AA322F2B9E000A9665E /* Rarachan04.wav */ = {isa = PBXFileReference; lastKnownFileType = audio.wav; path = Rarachan04.wav; sourceTree = "<group>"; };
		D2D92AA422F2B9E000A9665E /* Rarachan02.wav */ = {isa = PBXFileReference; lastKnownFileType = audio.wav; path = Rarachan02.wav; sourceTree = "<group>"; };
		D2D92AA522F2B9E000A9665E /* Rarachan05.wav */ = {isa = PBXFileReference; lastKnownFileType = audio.wav; path = Rarachan05.wav; sourceTree = "<group>"; };
		D2D92AA622F2B9E000A9665E /* Rarachan07.wav */ = {isa = PBXFileReference; lastKnownFileType = audio.wav; path = Rarachan07.wav; sourceTree = "<group>"; };
		D2D92AA722F2B9E000A9665E /* Rarachan09.wav */ = {isa = PBXFileReference; lastKnownFileType = audio.wav; path = Rarachan09.wav; sourceTree = "<group>"; };
/* End PBXFileReference section */

/* Begin PBXFrameworksBuildPhase section */
		D2D92A8622F2B96600A9665E /* Frameworks */ = {
			isa = PBXFrameworksBuildPhase;
			buildActionMask = 2147483647;
			files = (
			);
			runOnlyForDeploymentPostprocessing = 0;
		};
/* End PBXFrameworksBuildPhase section */

/* Begin PBXGroup section */
		D2D92A8022F2B96600A9665E = {
			isa = PBXGroup;
			children = (
				D2D92A8B22F2B96600A9665E /* Lala-chan */,
				D2D92A8A22F2B96600A9665E /* Products */,
			);
			sourceTree = "<group>";
		};
		D2D92A8A22F2B96600A9665E /* Products */ = {
			isa = PBXGroup;
			children = (
				D2D92A8922F2B96600A9665E /* Lala-chan.app */,
			);
			name = Products;
			sourceTree = "<group>";
		};
		D2D92A8B22F2B96600A9665E /* Lala-chan */ = {
			isa = PBXGroup;
			children = (
				D2D92A8C22F2B96600A9665E /* AppDelegate.swift */,
				D2D92A8E22F2B96600A9665E /* ViewController.swift */,
				D2D92A9022F2B96600A9665E /* Main.storyboard */,
				D2D92A9322F2B96700A9665E /* Assets.xcassets */,
				D2D92A9E22F2B9B000A9665E /* Sound Files */,
				D2D92A9522F2B96700A9665E /* LaunchScreen.storyboard */,
				D2D92A9822F2B96700A9665E /* Info.plist */,
			);
			path = "Lala-chan";
			sourceTree = "<group>";
		};
		D2D92A9E22F2B9B000A9665E /* Sound Files */ = {
			isa = PBXGroup;
			children = (
				D2D92AA122F2B9DF00A9665E /* Rarachan01.wav */,
				D2D92AA422F2B9E000A9665E /* Rarachan02.wav */,
				D2D92AA222F2B9E000A9665E /* Rarachan03.wav */,
				D2D92AA322F2B9E000A9665E /* Rarachan04.wav */,
				D2D92AA522F2B9E000A9665E /* Rarachan05.wav */,
				D2D92AA022F2B9DF00A9665E /* Rarachan06.wav */,
				D2D92AA622F2B9E000A9665E /* Rarachan07.wav */,
				D2D92A9F22F2B9DF00A9665E /* Rarachan08.wav */,
				D2D92AA722F2B9E000A9665E /* Rarachan09.wav */,
			);
			path = "Sound Files";
			sourceTree = "<group>";
		};
/* End PBXGroup section */

/* Begin PBXNativeTarget section */
		D2D92A8822F2B96600A9665E /* Lala-chan */ = {
			isa = PBXNativeTarget;
			buildConfigurationList = D2D92A9B22F2B96700A9665E /* Build configuration list for PBXNativeTarget "Lala-chan" */;
			buildPhases = (
				D2D92A8522F2B96600A9665E /* Sources */,
				D2D92A8622F2B96600A9665E /* Frameworks */,
				D2D92A8722F2B96600A9665E /* Resources */,
			);
			buildRules = (
			);
			dependencies = (
			);
			name = "Lala-chan";
			productName = "Lala-chan";
			productReference = D2D92A8922F2B96600A9665E /* Lala-chan.app */;
			productType = "com.apple.product-type.application";
		};
/* End PBXNativeTarget section */

/* Begin PBXProject section */
		D2D92A8122F2B96600A9665E /* Project object */ = {
			isa = PBXProject;
			attributes = {
				LastSwiftUpdateCheck = 1030;
				LastUpgradeCheck = 1030;
				ORGANIZATIONNAME = "Miles Fearnall-Williams";
				TargetAttributes = {
					D2D92A8822F2B96600A9665E = {
						CreatedOnToolsVersion = 10.3;
					};
				};
			};
			buildConfigurationList = D2D92A8422F2B96600A9665E /* Build configuration list for PBXProject "Lala-chan" */;
			compatibilityVersion = "Xcode 9.3";
			developmentRegion = en;
			hasScannedForEncodings = 0;
			knownRegions = (
				en,
				Base,
			);
			mainGroup = D2D92A8022F2B96600A9665E;
			productRefGroup = D2D92A8A22F2B96600A9665E /* Products */;
			projectDirPath = "";
			projectRoot = "";
			targets = (
				D2D92A8822F2B96600A9665E /* Lala-chan */,
			);
		};
/* End PBXProject section */

/* Begin PBXResourcesBuildPhase section */
		D2D92A8722F2B96600A9665E /* Resources */ = {
			isa = PBXResourcesBuildPhase;
			buildActionMask = 2147483647;
			files = (
				D2D92A9722F2B96700A9665E /* LaunchScreen.storyboard in Resources */,
				D2D92AAE22F2B9E000A9665E /* Rarachan05.wav in Resources */,
				D2D92AAD22F2B9E000A9665E /* Rarachan02.wav in Resources */,
				D2D92AB022F2B9E000A9665E /* Rarachan09.wav in Resources */,
				D2D92AA922F2B9E000A9665E /* Rarachan06.wav in Resources */,
				D2D92A9422F2B96700A9665E /* Assets.xcassets in Resources */,
				D2D92AAB22F2B9E000A9665E /* Rarachan03.wav in Resources */,
				D2D92AAF22F2B9E000A9665E /* Rarachan07.wav in Resources */,
				D2D92AA822F2B9E000A9665E /* Rarachan08.wav in Resources */,
				D2D92A9222F2B96600A9665E /* Main.storyboard in Resources */,
				D2D92AAC22F2B9E000A9665E /* Rarachan04.wav in Resources */,
				D2D92AAA22F2B9E000A9665E /* Rarachan01.wav in Resources */,
			);
			runOnlyForDeploymentPostprocessing = 0;
		};
/* End PBXResourcesBuildPhase section */

/* Begin PBXSourcesBuildPhase section */
		D2D92A8522F2B96600A9665E /* Sources */ = {
			isa = PBXSourcesBuildPhase;
			buildActionMask = 2147483647;
			files = (
				D2D92A8F22F2B96600A9665E /* ViewController.swift in Sources */,
				D2D92A8D22F2B96600A9665E /* AppDelegate.swift in Sources */,
			);
			runOnlyForDeploymentPostprocessing = 0;
		};
/* End PBXSourcesBuildPhase section */

/* Begin PBXVariantGroup section */
		D2D92A9022F2B96600A9665E /* Main.storyboard */ = {
			isa = PBXVariantGroup;
			children = (
				D2D92A9122F2B96600A9665E /* Base */,
			);
			name = Main.storyboard;
			sourceTree = "<group>";
		};
		D2D92A9522F2B96700A9665E /* LaunchScreen.storyboard */ = {
			isa = PBXVariantGroup;
			children = (
				D2D92A9622F2B96700A9665E /* Base */,
			);
			name = LaunchScreen.storyboard;
			sourceTree = "<group>";
		};
/* End PBXVariantGroup section */

/* Begin XCBuildConfiguration section */
		D2D92A9922F2B96700A9665E /* Debug */ = {
			isa = XCBuildConfiguration;
			buildSettings = {
				ALWAYS_SEARCH_USER_PATHS = NO;
				CLANG_ANALYZER_NONNULL = YES;
				CLANG_ANALYZER_NUMBER_OBJECT_CONVERSION = YES_AGGRESSIVE;
				CLANG_CXX_LANGUAGE_STANDARD = "gnu++14";
				CLANG_CXX_LIBRARY = "libc++";
				CLANG_ENABLE_MODULES = YES;
				CLANG_ENABLE_OBJC_ARC = YES;
				CLANG_ENABLE_OBJC_WEAK = YES;
				CLANG_WARN_BLOCK_CAPTURE_AUTORELEASING = YES;
				CLANG_WARN_BOOL_CONVERSION = YES;
				CLANG_WARN_COMMA = YES;
				CLANG_WARN_CONSTANT_CONVERSION = YES;
				CLANG_WARN_DEPRECATED_OBJC_IMPLEMENTATIONS = YES;
				CLANG_WARN_DIRECT_OBJC_ISA_USAGE = YES_ERROR;
				CLANG_WARN_DOCUMENTATION_COMMENTS = YES;
				CLANG_WARN_EMPTY_BODY = YES;
				CLANG_WARN_ENUM_CONVERSION = YES;
				CLANG_WARN_INFINITE_RECURSION = YES;
				CLANG_WARN_INT_CONVERSION = YES;
				CLANG_WARN_NON_LITERAL_NULL_CONVERSION = YES;
				CLANG_WARN_OBJC_IMPLICIT_RETAIN_SELF = YES;
				CLANG_WARN_OBJC_LITERAL_CONVERSION = YES;
				CLANG_WARN_OBJC_ROOT_CLASS = YES_ERROR;
				CLANG_WARN_RANGE_LOOP_ANALYSIS = YES;
				CLANG_WARN_STRICT_PROTOTYPES = YES;
				CLANG_WARN_SUSPICIOUS_MOVE = YES;
				CLANG_WARN_UNGUARDED_AVAILABILITY = YES_AGGRESSIVE;
				CLANG_WARN_UNREACHABLE_CODE = YES;
				CLANG_WARN__DUPLICATE_METHOD_MATCH = YES;
				CODE_SIGN_IDENTITY = "iPhone Developer";
				COPY_PHASE_STRIP = NO;
				DEBUG_INFORMATION_FORMAT = dwarf;
				ENABLE_STRICT_OBJC_MSGSEND = YES;
				ENABLE_TESTABILITY = YES;
				GCC_C_LANGUAGE_STANDARD = gnu11;
				GCC_DYNAMIC_NO_PIC = NO;
				GCC_NO_COMMON_BLOCKS = YES;
				GCC_OPTIMIZATION_LEVEL = 0;
				GCC_PREPROCESSOR_DEFINITIONS = (
					"DEBUG=1",
					"$(inherited)",
				);
				GCC_WARN_64_TO_32_BIT_CONVERSION = YES;
				GCC_WARN_ABOUT_RETURN_TYPE = YES_ERROR;
				GCC_WARN_UNDECLARED_SELECTOR = YES;
				GCC_WARN_UNINITIALIZED_AUTOS = YES_AGGRESSIVE;
				GCC_WARN_UNUSED_FUNCTION = YES;
				GCC_WARN_UNUSED_VARIABLE = YES;
				IPHONEOS_DEPLOYMENT_TARGET = 12.4;
				MTL_ENABLE_DEBUG_INFO = INCLUDE_SOURCE;
				MTL_FAST_MATH = YES;
				ONLY_ACTIVE_ARCH = YES;
				SDKROOT = iphoneos;
				SWIFT_ACTIVE_COMPILATION_CONDITIONS = DEBUG;
				SWIFT_OPTIMIZATION_LEVEL = "-Onone";
			};
			name = Debug;
		};
		D2D92A9A22F2B96700A9665E /* Release */ = {
			isa = XCBuildConfiguration;
			buildSettings = {
				ALWAYS_SEARCH_USER_PATHS = NO;
				CLANG_ANALYZER_NONNULL = YES;
				CLANG_ANALYZER_NUMBER_OBJECT_CONVERSION = YES_AGGRESSIVE;
				CLANG_CXX_LANGUAGE_STANDARD = "gnu++14";
				CLANG_CXX_LIBRARY = "libc++";
				CLANG_ENABLE_MODULES = YES;
				CLANG_ENABLE_OBJC_ARC = YES;
				CLANG_ENABLE_OBJC_WEAK = YES;
				CLANG_WARN_BLOCK_CAPTURE_AUTORELEASING = YES;
				CLANG_WARN_BOOL_CONVERSION = YES;
				CLANG_WARN_COMMA = YES;
				CLANG_WARN_CONSTANT_CONVERSION = YES;
				CLANG_WARN_DEPRECATED_OBJC_IMPLEMENTATIONS = YES;
				CLANG_WARN_DIRECT_OBJC_ISA_USAGE = YES_ERROR;
				CLANG_WARN_DOCUMENTATION_COMMENTS = YES;
				CLANG_WARN_EMPTY_BODY = YES;
				CLANG_WARN_ENUM_CONVERSION = YES;
				CLANG_WARN_INFINITE_RECURSION = YES;
				CLANG_WARN_INT_CONVERSION = YES;
				CLANG_WARN_NON_LITERAL_NULL_CONVERSION = YES;
				CLANG_WARN_OBJC_IMPLICIT_RETAIN_SELF = YES;
				CLANG_WARN_OBJC_LITERAL_CONVERSION = YES;
				CLANG_WARN_OBJC_ROOT_CLASS = YES_ERROR;
				CLANG_WARN_RANGE_LOOP_ANALYSIS = YES;
				CLANG_WARN_STRICT_PROTOTYPES = YES;
				CLANG_WARN_SUSPICIOUS_MOVE = YES;
				CLANG_WARN_UNGUARDED_AVAILABILITY = YES_AGGRESSIVE;
				CLANG_WARN_UNREACHABLE_CODE = YES;
				CLANG_WARN__DUPLICATE_METHOD_MATCH = YES;
				CODE_SIGN_IDENTITY = "iPhone Developer";
				COPY_PHASE_STRIP = NO;
				DEBUG_INFORMATION_FORMAT = "dwarf-with-dsym";
				ENABLE_NS_ASSERTIONS = NO;
				ENABLE_STRICT_OBJC_MSGSEND = YES;
				GCC_C_LANGUAGE_STANDARD = gnu11;
				GCC_NO_COMMON_BLOCKS = YES;
				GCC_WARN_64_TO_32_BIT_CONVERSION = YES;
				GCC_WARN_ABOUT_RETURN_TYPE = YES_ERROR;
				GCC_WARN_UNDECLARED_SELECTOR = YES;
				GCC_WARN_UNINITIALIZED_AUTOS = YES_AGGRESSIVE;
				GCC_WARN_UNUSED_FUNCTION = YES;
				GCC_WARN_UNUSED_VARIABLE = YES;
				IPHONEOS_DEPLOYMENT_TARGET = 12.4;
				MTL_ENABLE_DEBUG_INFO = NO;
				MTL_FAST_MATH = YES;
				SDKROOT = iphoneos;
				SWIFT_COMPILATION_MODE = wholemodule;
				SWIFT_OPTIMIZATION_LEVEL = "-O";
				VALIDATE_PRODUCT = YES;
			};
			name = Release;
		};
		D2D92A9C22F2B96700A9665E /* Debug */ = {
			isa = XCBuildConfiguration;
			buildSettings = {
				ASSETCATALOG_COMPILER_APPICON_NAME = AppIcon;
				CODE_SIGN_STYLE = Automatic;
				DEVELOPMENT_TEAM = AL9MJQ7527;
				INFOPLIST_FILE = "Lala-chan/Info.plist";
				LD_RUNPATH_SEARCH_PATHS = (
					"$(inherited)",
					"@executable_path/Frameworks",
				);
				PRODUCT_BUNDLE_IDENTIFIER = "com.ouchmousestudios.Lala-chan";
				PRODUCT_NAME = "$(TARGET_NAME)";
				SWIFT_VERSION = 5.0;
				TARGETED_DEVICE_FAMILY = 1;
			};
			name = Debug;
		};
		D2D92A9D22F2B96700A9665E /* Release */ = {
			isa = XCBuildConfiguration;
			buildSettings = {
				ASSETCATALOG_COMPILER_APPICON_NAME = AppIcon;
				CODE_SIGN_STYLE = Automatic;
				DEVELOPMENT_TEAM = AL9MJQ7527;
				INFOPLIST_FILE = "Lala-chan/Info.plist";
				LD_RUNPATH_SEARCH_PATHS = (
					"$(inherited)",
					"@executable_path/Frameworks",
				);
				PRODUCT_BUNDLE_IDENTIFIER = "com.ouchmousestudios.Lala-chan";
				PRODUCT_NAME = "$(TARGET_NAME)";
				SWIFT_VERSION = 5.0;
				TARGETED_DEVICE_FAMILY = 1;
			};
			name = Release;
		};
/* End XCBuildConfiguration section */

/* Begin XCConfigurationList section */
		D2D92A8422F2B96600A9665E /* Build configuration list for PBXProject "Lala-chan" */ = {
			isa = XCConfigurationList;
			buildConfigurations = (
				D2D92A9922F2B96700A9665E /* Debug */,
				D2D92A9A22F2B96700A9665E /* Release */,
			);
			defaultConfigurationIsVisible = 0;
			defaultConfigurationName = Release;
		};
		D2D92A9B22F2B96700A9665E /* Build configuration list for PBXNativeTarget "Lala-chan" */ = {
			isa = XCConfigurationList;
			buildConfigurations = (
				D2D92A9C22F2B96700A9665E /* Debug */,
				D2D92A9D22F2B96700A9665E /* Release */,
			);
			defaultConfigurationIsVisible = 0;
			defaultConfigurationName = Release;
		};
/* End XCConfigurationList section */
	};
	rootObject = D2D92A8122F2B96600A9665E /* Project object */;
}
